
Microsoft Visual Studio Solution File, Format Version 12.00
# Visual Studio 2017
Project("{FAE04EC0-301F-11D3-BF4B-00C04F79EFBC}") = "Debug_Hansung", "Debug_Hansung.csproj", "{C2299050-B63E-DC82-4C4C-E272C9E032E9}"
EndProject
Project("{FAE04EC0-301F-11D3-BF4B-00C04F79EFBC}") = "Debug_Hansung.Editor", "Debug_Hansung.Editor.csproj", "{D2AA2AFC-63F5-7197-D765-93B9B68B8460}"
EndProject
Global
	GlobalSection(SolutionConfigurationPlatforms) = preSolution
		Debug|Any CPU = Debug|Any CPU
		Release|Any CPU = Release|Any CPU
	EndGlobalSection
	GlobalSection(ProjectConfigurationPlatforms) = postSolution
		{C2299050-B63E-DC82-4C4C-E272C9E032E9}.Debug|Any CPU.ActiveCfg = Debug|Any CPU
		{C2299050-B63E-DC82-4C4C-E272C9E032E9}.Debug|Any CPU.Build.0 = Debug|Any CPU
		{C2299050-B63E-DC82-4C4C-E272C9E032E9}.Release|Any CPU.ActiveCfg = Release|Any CPU
		{C2299050-B63E-DC82-4C4C-E272C9E032E9}.Release|Any CPU.Build.0 = Release|Any CPU
		{D2AA2AFC-63F5-7197-D765-93B9B68B8460}.Debug|Any CPU.ActiveCfg = Debug|Any CPU
		{D2AA2AFC-63F5-7197-D765-93B9B68B8460}.Debug|Any CPU.Build.0 = Debug|Any CPU
		{D2AA2AFC-63F5-7197-D765-93B9B68B8460}.Release|Any CPU.ActiveCfg = Release|Any CPU
		{D2AA2AFC-63F5-7197-D765-93B9B68B8460}.Release|Any CPU.Build.0 = Release|Any CPU
	EndGlobalSection
	GlobalSection(SolutionProperties) = preSolution
		HideSolutionNode = FALSE
	EndGlobalSection
EndGlobal
